// !$*UTF8*$!
{
	archiveVersion = 1;
	classes = {
	};
	objectVersion = 50;
	objects = {

/* Begin PBXBuildFile section */
		173D066D21711D7A00E0A886 /* AppDelegate.swift in Sources */ = {isa = PBXBuildFile; fileRef = 173D066C21711D7A00E0A886 /* AppDelegate.swift */; };
		173D066F21711D7A00E0A886 /* MainViewController.swift in Sources */ = {isa = PBXBuildFile; fileRef = 173D066E21711D7A00E0A886 /* MainViewController.swift */; };
		173D067221711D7A00E0A886 /* Main.storyboard in Resources */ = {isa = PBXBuildFile; fileRef = 173D067021711D7A00E0A886 /* Main.storyboard */; };
		173D067421711D7B00E0A886 /* Assets.xcassets in Resources */ = {isa = PBXBuildFile; fileRef = 173D067321711D7B00E0A886 /* Assets.xcassets */; };
		173D067721711D7B00E0A886 /* LaunchScreen.storyboard in Resources */ = {isa = PBXBuildFile; fileRef = 173D067521711D7B00E0A886 /* LaunchScreen.storyboard */; };
		1757DF92217BF60500A30D90 /* HVD_Comic_Serif_Pro.otf in Resources */ = {isa = PBXBuildFile; fileRef = 1757DF91217BF60500A30D90 /* HVD_Comic_Serif_Pro.otf */; };
		8BE04155CF72A95857DA2DBE /* Pods_Fun_Maths.framework in Frameworks */ = {isa = PBXBuildFile; fileRef = B3246638FE3C073A8A6A061E /* Pods_Fun_Maths.framework */; };
/* End PBXBuildFile section */

/* Begin PBXFileReference section */
		173D066921711D7A00E0A886 /* Fun Maths.app */ = {isa = PBXFileReference; explicitFileType = wrapper.application; includeInIndex = 0; path = "Fun Maths.app"; sourceTree = BUILT_PRODUCTS_DIR; };
		173D066C21711D7A00E0A886 /* AppDelegate.swift */ = {isa = PBXFileReference; lastKnownFileType = sourcecode.swift; path = AppDelegate.swift; sourceTree = "<group>"; };
		173D066E21711D7A00E0A886 /* MainViewController.swift */ = {isa = PBXFileReference; lastKnownFileType = sourcecode.swift; path = MainViewController.swift; sourceTree = "<group>"; };
		173D067121711D7A00E0A886 /* Base */ = {isa = PBXFileReference; lastKnownFileType = file.storyboard; name = Base; path = Base.lproj/Main.storyboard; sourceTree = "<group>"; };
		173D067321711D7B00E0A886 /* Assets.xcassets */ = {isa = PBXFileReference; lastKnownFileType = folder.assetcatalog; path = Assets.xcassets; sourceTree = "<group>"; };
		173D067621711D7B00E0A886 /* Base */ = {isa = PBXFileReference; lastKnownFileType = file.storyboard; name = Base; path = Base.lproj/LaunchScreen.storyboard; sourceTree = "<group>"; };
		173D067821711D7B00E0A886 /* Info.plist */ = {isa = PBXFileReference; lastKnownFileType = text.plist.xml; path = Info.plist; sourceTree = "<group>"; };
		1757DF90217BC07000A30D90 /* Add 1 bridging.h */ = {isa = PBXFileReference; lastKnownFileType = sourcecode.c.h; path = "Add 1 bridging.h"; sourceTree = "<group>"; };
		1757DF91217BF60500A30D90 /* HVD_Comic_Serif_Pro.otf */ = {isa = PBXFileReference; lastKnownFileType = file; path = HVD_Comic_Serif_Pro.otf; sourceTree = "<group>"; };
		4DB8E9665E66EDD93FCF60A6 /* Pods-Fun Maths.debug.xcconfig */ = {isa = PBXFileReference; includeInIndex = 1; lastKnownFileType = text.xcconfig; name = "Pods-Fun Maths.debug.xcconfig"; path = "Pods/Target Support Files/Pods-Fun Maths/Pods-Fun Maths.debug.xcconfig"; sourceTree = "<group>"; };
		9662CD0C068FE8CF91483969 /* Pods-Fun Maths.release.xcconfig */ = {isa = PBXFileReference; includeInIndex = 1; lastKnownFileType = text.xcconfig; name = "Pods-Fun Maths.release.xcconfig"; path = "Pods/Target Support Files/Pods-Fun Maths/Pods-Fun Maths.release.xcconfig"; sourceTree = "<group>"; };
		B3246638FE3C073A8A6A061E /* Pods_Fun_Maths.framework */ = {isa = PBXFileReference; explicitFileType = wrapper.framework; includeInIndex = 0; path = Pods_Fun_Maths.framework; sourceTree = BUILT_PRODUCTS_DIR; };
/* End PBXFileReference section */

/* Begin PBXFrameworksBuildPhase section */
		173D066621711D7A00E0A886 /* Frameworks */ = {
			isa = PBXFrameworksBuildPhase;
			buildActionMask = 2147483647;
			files = (
				8BE04155CF72A95857DA2DBE /* Pods_Fun_Maths.framework in Frameworks */,
			);
			runOnlyForDeploymentPostprocessing = 0;
		};
/* End PBXFrameworksBuildPhase section */

/* Begin PBXGroup section */
		173D066021711D7A00E0A886 = {
			isa = PBXGroup;
			children = (
				1757DF90217BC07000A30D90 /* Add 1 bridging.h */,
				173D066B21711D7A00E0A886 /* Fun Maths */,
				173D066A21711D7A00E0A886 /* Products */,
				8D7E5E49E1CA4B714D67C7F8 /* Pods */,
				88F9C72AAE553FC205299107 /* Frameworks */,
			);
			sourceTree = "<group>";
		};
		173D066A21711D7A00E0A886 /* Products */ = {
			isa = PBXGroup;
			children = (
				173D066921711D7A00E0A886 /* Fun Maths.app */,
			);
			name = Products;
			sourceTree = "<group>";
		};
		173D066B21711D7A00E0A886 /* Fun Maths */ = {
			isa = PBXGroup;
			children = (
				173D067F21712E2800E0A886 /* View */,
				173D067E21712E1200E0A886 /* Model */,
				173D068021712E3000E0A886 /* Controller */,
				173D06812171312C00E0A886 /* Supporting FIles */,
				173D067821711D7B00E0A886 /* Info.plist */,
			);
			path = "Fun Maths";
			sourceTree = "<group>";
		};
		173D067E21712E1200E0A886 /* Model */ = {
			isa = PBXGroup;
			children = (
			);
			path = Model;
			sourceTree = "<group>";
		};
		173D067F21712E2800E0A886 /* View */ = {
			isa = PBXGroup;
			children = (
				173D067021711D7A00E0A886 /* Main.storyboard */,
				173D067321711D7B00E0A886 /* Assets.xcassets */,
			);
			path = View;
			sourceTree = "<group>";
		};
		173D068021712E3000E0A886 /* Controller */ = {
			isa = PBXGroup;
			children = (
				173D066C21711D7A00E0A886 /* AppDelegate.swift */,
				173D066E21711D7A00E0A886 /* MainViewController.swift */,
			);
			path = Controller;
			sourceTree = "<group>";
		};
		173D06812171312C00E0A886 /* Supporting FIles */ = {
			isa = PBXGroup;
			children = (
				1757DF91217BF60500A30D90 /* HVD_Comic_Serif_Pro.otf */,
				173D067521711D7B00E0A886 /* LaunchScreen.storyboard */,
			);
			path = "Supporting FIles";
			sourceTree = "<group>";
		};
		88F9C72AAE553FC205299107 /* Frameworks */ = {
			isa = PBXGroup;
			children = (
				B3246638FE3C073A8A6A061E /* Pods_Fun_Maths.framework */,
			);
			name = Frameworks;
			sourceTree = "<group>";
		};
		8D7E5E49E1CA4B714D67C7F8 /* Pods */ = {
			isa = PBXGroup;
			children = (
				4DB8E9665E66EDD93FCF60A6 /* Pods-Fun Maths.debug.xcconfig */,
				9662CD0C068FE8CF91483969 /* Pods-Fun Maths.release.xcconfig */,
			);
			name = Pods;
			sourceTree = "<group>";
		};
/* End PBXGroup section */

/* Begin PBXNativeTarget section */
		173D066821711D7A00E0A886 /* Fun Maths */ = {
			isa = PBXNativeTarget;
			buildConfigurationList = 173D067B21711D7B00E0A886 /* Build configuration list for PBXNativeTarget "Fun Maths" */;
			buildPhases = (
				C9892A1089F4C152724DB8FB /* [CP] Check Pods Manifest.lock */,
				173D066521711D7A00E0A886 /* Sources */,
				173D066621711D7A00E0A886 /* Frameworks */,
				173D066721711D7A00E0A886 /* Resources */,
				DEE165D3AE870E78A76751EB /* [CP] Embed Pods Frameworks */,
			);
			buildRules = (
			);
			dependencies = (
			);
			name = "Fun Maths";
			productName = "Fun Maths";
			productReference = 173D066921711D7A00E0A886 /* Fun Maths.app */;
			productType = "com.apple.product-type.application";
		};
/* End PBXNativeTarget section */

/* Begin PBXProject section */
		173D066121711D7A00E0A886 /* Project object */ = {
			isa = PBXProject;
			attributes = {
				LastSwiftUpdateCheck = 1000;
				LastUpgradeCheck = 1000;
				ORGANIZATIONNAME = "Jinisha Savani";
				TargetAttributes = {
					173D066821711D7A00E0A886 = {
						CreatedOnToolsVersion = 10.0;
					};
				};
			};
			buildConfigurationList = 173D066421711D7A00E0A886 /* Build configuration list for PBXProject "Fun Maths" */;
			compatibilityVersion = "Xcode 9.3";
			developmentRegion = en;
			hasScannedForEncodings = 0;
			knownRegions = (
				en,
				Base,
			);
			mainGroup = 173D066021711D7A00E0A886;
			productRefGroup = 173D066A21711D7A00E0A886 /* Products */;
			projectDirPath = "";
			projectRoot = "";
			targets = (
				173D066821711D7A00E0A886 /* Fun Maths */,
			);
		};
/* End PBXProject section */

/* Begin PBXResourcesBuildPhase section */
		173D066721711D7A00E0A886 /* Resources */ = {
			isa = PBXResourcesBuildPhase;
			buildActionMask = 2147483647;
			files = (
				173D067721711D7B00E0A886 /* LaunchScreen.storyboard in Resources */,
				173D067421711D7B00E0A886 /* Assets.xcassets in Resources */,
				1757DF92217BF60500A30D90 /* HVD_Comic_Serif_Pro.otf in Resources */,
				173D067221711D7A00E0A886 /* Main.storyboard in Resources */,
			);
			runOnlyForDeploymentPostprocessing = 0;
		};
/* End PBXResourcesBuildPhase section */

/* Begin PBXShellScriptBuildPhase section */
		C9892A1089F4C152724DB8FB /* [CP] Check Pods Manifest.lock */ = {
			isa = PBXShellScriptBuildPhase;
			buildActionMask = 2147483647;
			files = (
			);
			inputPaths = (
				"${PODS_PODFILE_DIR_PATH}/Podfile.lock",
				"${PODS_ROOT}/Manifest.lock",
			);
			name = "[CP] Check Pods Manifest.lock";
			outputPaths = (
				"$(DERIVED_FILE_DIR)/Pods-Fun Maths-checkManifestLockResult.txt",
			);
			runOnlyForDeploymentPostprocessing = 0;
			shellPath = /bin/sh;
			shellScript = "diff \"${PODS_PODFILE_DIR_PATH}/Podfile.lock\" \"${PODS_ROOT}/Manifest.lock\" > /dev/null\nif [ $? != 0 ] ; then\n    # print error to STDERR\n    echo \"error: The sandbox is not in sync with the Podfile.lock. Run 'pod install' or update your CocoaPods installation.\" >&2\n    exit 1\nfi\n# This output is used by Xcode 'outputs' to avoid re-running this script phase.\necho \"SUCCESS\" > \"${SCRIPT_OUTPUT_FILE_0}\"\n";
			showEnvVarsInLog = 0;
		};
		DEE165D3AE870E78A76751EB /* [CP] Embed Pods Frameworks */ = {
			isa = PBXShellScriptBuildPhase;
			buildActionMask = 2147483647;
			files = (
			);
			inputPaths = (
				"${SRCROOT}/Pods/Target Support Files/Pods-Fun Maths/Pods-Fun Maths-frameworks.sh",
				"${BUILT_PRODUCTS_DIR}/MBProgressHUD/MBProgressHUD.framework",
			);
			name = "[CP] Embed Pods Frameworks";
			outputPaths = (
				"${TARGET_BUILD_DIR}/${FRAMEWORKS_FOLDER_PATH}/MBProgressHUD.framework",
			);
			runOnlyForDeploymentPostprocessing = 0;
			shellPath = /bin/sh;
			shellScript = "\"${SRCROOT}/Pods/Target Support Files/Pods-Fun Maths/Pods-Fun Maths-frameworks.sh\"\n";
			showEnvVarsInLog = 0;
		};
/* End PBXShellScriptBuildPhase section */

/* Begin PBXSourcesBuildPhase section */
		173D066521711D7A00E0A886 /* Sources */ = {
			isa = PBXSourcesBuildPhase;
			buildActionMask = 2147483647;
			files = (
				173D066F21711D7A00E0A886 /* MainViewController.swift in Sources */,
				173D066D21711D7A00E0A886 /* AppDelegate.swift in Sources */,
			);
			runOnlyForDeploymentPostprocessing = 0;
		};
/* End PBXSourcesBuildPhase section */

/* Begin PBXVariantGroup section */
		173D067021711D7A00E0A886 /* Main.storyboard */ = {
			isa = PBXVariantGroup;
			children = (
				173D067121711D7A00E0A886 /* Base */,
			);
			name = Main.storyboard;
			sourceTree = "<group>";
		};
		173D067521711D7B00E0A886 /* LaunchScreen.storyboard */ = {
			isa = PBXVariantGroup;
			children = (
				173D067621711D7B00E0A886 /* Base */,
			);
			name = LaunchScreen.storyboard;
			sourceTree = "<group>";
		};
/* End PBXVariantGroup section */

/* Begin XCBuildConfiguration section */
		173D067921711D7B00E0A886 /* Debug */ = {
			isa = XCBuildConfiguration;
			buildSettings = {
				ALWAYS_SEARCH_USER_PATHS = NO;
				CLANG_ANALYZER_NONNULL = YES;
				CLANG_ANALYZER_NUMBER_OBJECT_CONVERSION = YES_AGGRESSIVE;
				CLANG_CXX_LANGUAGE_STANDARD = "gnu++14";
				CLANG_CXX_LIBRARY = "libc++";
				CLANG_ENABLE_MODULES = YES;
				CLANG_ENABLE_OBJC_ARC = YES;
				CLANG_ENABLE_OBJC_WEAK = YES;
				CLANG_WARN_BLOCK_CAPTURE_AUTORELEASING = YES;
				CLANG_WARN_BOOL_CONVERSION = YES;
				CLANG_WARN_COMMA = YES;
				CLANG_WARN_CONSTANT_CONVERSION = YES;
				CLANG_WARN_DEPRECATED_OBJC_IMPLEMENTATIONS = YES;
				CLANG_WARN_DIRECT_OBJC_ISA_USAGE = YES_ERROR;
				CLANG_WARN_DOCUMENTATION_COMMENTS = YES;
				CLANG_WARN_EMPTY_BODY = YES;
				CLANG_WARN_ENUM_CONVERSION = YES;
				CLANG_WARN_INFINITE_RECURSION = YES;
				CLANG_WARN_INT_CONVERSION = YES;
				CLANG_WARN_NON_LITERAL_NULL_CONVERSION = YES;
				CLANG_WARN_OBJC_IMPLICIT_RETAIN_SELF = YES;
				CLANG_WARN_OBJC_LITERAL_CONVERSION = YES;
				CLANG_WARN_OBJC_ROOT_CLASS = YES_ERROR;
				CLANG_WARN_RANGE_LOOP_ANALYSIS = YES;
				CLANG_WARN_STRICT_PROTOTYPES = YES;
				CLANG_WARN_SUSPICIOUS_MOVE = YES;
				CLANG_WARN_UNGUARDED_AVAILABILITY = YES_AGGRESSIVE;
				CLANG_WARN_UNREACHABLE_CODE = YES;
				CLANG_WARN__DUPLICATE_METHOD_MATCH = YES;
				CODE_SIGN_IDENTITY = "iPhone Developer";
				COPY_PHASE_STRIP = NO;
				DEBUG_INFORMATION_FORMAT = dwarf;
				ENABLE_STRICT_OBJC_MSGSEND = YES;
				ENABLE_TESTABILITY = YES;
				GCC_C_LANGUAGE_STANDARD = gnu11;
				GCC_DYNAMIC_NO_PIC = NO;
				GCC_NO_COMMON_BLOCKS = YES;
				GCC_OPTIMIZATION_LEVEL = 0;
				GCC_PREPROCESSOR_DEFINITIONS = (
					"DEBUG=1",
					"$(inherited)",
				);
				GCC_WARN_64_TO_32_BIT_CONVERSION = YES;
				GCC_WARN_ABOUT_RETURN_TYPE = YES_ERROR;
				GCC_WARN_UNDECLARED_SELECTOR = YES;
				GCC_WARN_UNINITIALIZED_AUTOS = YES_AGGRESSIVE;
				GCC_WARN_UNUSED_FUNCTION = YES;
				GCC_WARN_UNUSED_VARIABLE = YES;
				IPHONEOS_DEPLOYMENT_TARGET = 12.0;
				MTL_ENABLE_DEBUG_INFO = INCLUDE_SOURCE;
				MTL_FAST_MATH = YES;
				ONLY_ACTIVE_ARCH = YES;
				SDKROOT = iphoneos;
				SWIFT_ACTIVE_COMPILATION_CONDITIONS = DEBUG;
				SWIFT_OPTIMIZATION_LEVEL = "-Onone";
			};
			name = Debug;
		};
		173D067A21711D7B00E0A886 /* Release */ = {
			isa = XCBuildConfiguration;
			buildSettings = {
				ALWAYS_SEARCH_USER_PATHS = NO;
				CLANG_ANALYZER_NONNULL = YES;
				CLANG_ANALYZER_NUMBER_OBJECT_CONVERSION = YES_AGGRESSIVE;
				CLANG_CXX_LANGUAGE_STANDARD = "gnu++14";
				CLANG_CXX_LIBRARY = "libc++";
				CLANG_ENABLE_MODULES = YES;
				CLANG_ENABLE_OBJC_ARC = YES;
				CLANG_ENABLE_OBJC_WEAK = YES;
				CLANG_WARN_BLOCK_CAPTURE_AUTORELEASING = YES;
				CLANG_WARN_BOOL_CONVERSION = YES;
				CLANG_WARN_COMMA = YES;
				CLANG_WARN_CONSTANT_CONVERSION = YES;
				CLANG_WARN_DEPRECATED_OBJC_IMPLEMENTATIONS = YES;
				CLANG_WARN_DIRECT_OBJC_ISA_USAGE = YES_ERROR;
				CLANG_WARN_DOCUMENTATION_COMMENTS = YES;
				CLANG_WARN_EMPTY_BODY = YES;
				CLANG_WARN_ENUM_CONVERSION = YES;
				CLANG_WARN_INFINITE_RECURSION = YES;
				CLANG_WARN_INT_CONVERSION = YES;
				CLANG_WARN_NON_LITERAL_NULL_CONVERSION = YES;
				CLANG_WARN_OBJC_IMPLICIT_RETAIN_SELF = YES;
				CLANG_WARN_OBJC_LITERAL_CONVERSION = YES;
				CLANG_WARN_OBJC_ROOT_CLASS = YES_ERROR;
				CLANG_WARN_RANGE_LOOP_ANALYSIS = YES;
				CLANG_WARN_STRICT_PROTOTYPES = YES;
				CLANG_WARN_SUSPICIOUS_MOVE = YES;
				CLANG_WARN_UNGUARDED_AVAILABILITY = YES_AGGRESSIVE;
				CLANG_WARN_UNREACHABLE_CODE = YES;
				CLANG_WARN__DUPLICATE_METHOD_MATCH = YES;
				CODE_SIGN_IDENTITY = "iPhone Developer";
				COPY_PHASE_STRIP = NO;
				DEBUG_INFORMATION_FORMAT = "dwarf-with-dsym";
				ENABLE_NS_ASSERTIONS = NO;
				ENABLE_STRICT_OBJC_MSGSEND = YES;
				GCC_C_LANGUAGE_STANDARD = gnu11;
				GCC_NO_COMMON_BLOCKS = YES;
				GCC_WARN_64_TO_32_BIT_CONVERSION = YES;
				GCC_WARN_ABOUT_RETURN_TYPE = YES_ERROR;
				GCC_WARN_UNDECLARED_SELECTOR = YES;
				GCC_WARN_UNINITIALIZED_AUTOS = YES_AGGRESSIVE;
				GCC_WARN_UNUSED_FUNCTION = YES;
				GCC_WARN_UNUSED_VARIABLE = YES;
				IPHONEOS_DEPLOYMENT_TARGET = 12.0;
				MTL_ENABLE_DEBUG_INFO = NO;
				MTL_FAST_MATH = YES;
				SDKROOT = iphoneos;
				SWIFT_COMPILATION_MODE = wholemodule;
				SWIFT_OPTIMIZATION_LEVEL = "-O";
				VALIDATE_PRODUCT = YES;
			};
			name = Release;
		};
		173D067C21711D7B00E0A886 /* Debug */ = {
			isa = XCBuildConfiguration;
			baseConfigurationReference = 4DB8E9665E66EDD93FCF60A6 /* Pods-Fun Maths.debug.xcconfig */;
			buildSettings = {
				ASSETCATALOG_COMPILER_APPICON_NAME = AppIcon;
				CODE_SIGN_STYLE = Automatic;
				DEVELOPMENT_TEAM = WDXAZPK6JS;
				INFOPLIST_FILE = "Fun Maths/Info.plist";
				LD_RUNPATH_SEARCH_PATHS = (
					"$(inherited)",
					"@executable_path/Frameworks",
				);
				PRODUCT_BUNDLE_IDENTIFIER = "com.jenny.Fun-Maths";
				PRODUCT_NAME = "$(TARGET_NAME)";
				SWIFT_OBJC_BRIDGING_HEADER = "Add 1 bridging.h";
				SWIFT_VERSION = 4.2;
				TARGETED_DEVICE_FAMILY = "1,2";
			};
			name = Debug;
		};
		173D067D21711D7B00E0A886 /* Release */ = {
			isa = XCBuildConfiguration;
			baseConfigurationReference = 9662CD0C068FE8CF91483969 /* Pods-Fun Maths.release.xcconfig */;
			buildSettings = {
				ASSETCATALOG_COMPILER_APPICON_NAME = AppIcon;
				CODE_SIGN_STYLE = Automatic;
				DEVELOPMENT_TEAM = WDXAZPK6JS;
				INFOPLIST_FILE = "Fun Maths/Info.plist";
				LD_RUNPATH_SEARCH_PATHS = (
					"$(inherited)",
					"@executable_path/Frameworks",
				);
				PRODUCT_BUNDLE_IDENTIFIER = "com.jenny.Fun-Maths";
				PRODUCT_NAME = "$(TARGET_NAME)";
				SWIFT_OBJC_BRIDGING_HEADER = "Add 1 bridging.h";
				SWIFT_VERSION = 4.2;
				TARGETED_DEVICE_FAMILY = "1,2";
			};
			name = Release;
		};
/* End XCBuildConfiguration section */

/* Begin XCConfigurationList section */
		173D066421711D7A00E0A886 /* Build configuration list for PBXProject "Fun Maths" */ = {
			isa = XCConfigurationList;
			buildConfigurations = (
				173D067921711D7B00E0A886 /* Debug */,
				173D067A21711D7B00E0A886 /* Release */,
			);
			defaultConfigurationIsVisible = 0;
			defaultConfigurationName = Release;
		};
		173D067B21711D7B00E0A886 /* Build configuration list for PBXNativeTarget "Fun Maths" */ = {
			isa = XCConfigurationList;
			buildConfigurations = (
				173D067C21711D7B00E0A886 /* Debug */,
				173D067D21711D7B00E0A886 /* Release */,
			);
			defaultConfigurationIsVisible = 0;
			defaultConfigurationName = Release;
		};
/* End XCConfigurationList section */
	};
	rootObject = 173D066121711D7A00E0A886 /* Project object */;
}
